
Microsoft Visual Studio Solution File, Format Version 12.00
# Visual Studio 15
VisualStudioVersion = 15.0.27004.2005
MinimumVisualStudioVersion = 10.0.40219.1
Project("{FAE04EC0-301F-11D3-BF4B-00C04F79EFBC}") = "first_pract", "first_pract\first_pract.csproj", "{36D75E53-0AF2-47FB-A52C-7D0E1A686DCA}"
EndProject
Global
	GlobalSection(SolutionConfigurationPlatforms) = preSolution
		Debug|Any CPU = Debug|Any CPU
		Release|Any CPU = Release|Any CPU
	EndGlobalSection
	GlobalSection(ProjectConfigurationPlatforms) = postSolution
		{36D75E53-0AF2-47FB-A52C-7D0E1A686DCA}.Debug|Any CPU.ActiveCfg = Debug|Any CPU
		{36D75E53-0AF2-47FB-A52C-7D0E1A686DCA}.Debug|Any CPU.Build.0 = Debug|Any CPU
		{36D75E53-0AF2-47FB-A52C-7D0E1A686DCA}.Release|Any CPU.ActiveCfg = Release|Any CPU
		{36D75E53-0AF2-47FB-A52C-7D0E1A686DCA}.Release|Any CPU.Build.0 = Release|Any CPU
	EndGlobalSection
	GlobalSection(SolutionProperties) = preSolution
		HideSolutionNode = FALSE
	EndGlobalSection
	GlobalSection(ExtensibilityGlobals) = postSolution
		SolutionGuid = {5E9D56F2-E9E5-4697-848A-6C163E5344A5}
	EndGlobalSection
EndGlobal
